
Microsoft Visual Studio Solution File, Format Version 12.00
# Visual Studio Version 17
VisualStudioVersion = 17.5.002.0
MinimumVisualStudioVersion = 10.0.40219.1
Project("{2150E333-8FDC-42A3-9474-1A3956D46DE8}") = "Labfiles", "Labfiles", "{682BAEE0-04FF-48E3-84A2-0010EF38D117}"
EndProject
Project("{2150E333-8FDC-42A3-9474-1A3956D46DE8}") = "01-prebuild-models", "01-prebuild-models", "{69D386E9-56A2-43FD-8614-B508882DED20}"
EndProject
Project("{9A19103F-16F7-4668-BE54-9A1E7A4F7556}") = "invoicereader", "Labfiles\01-prebuild-models\CSharp\invoicereader.csproj", "{17CF829A-6673-47BF-9CE9-DF23EE030198}"
EndProject
Project("{2150E333-8FDC-42A3-9474-1A3956D46DE8}") = "02-custom-document-intelligence", "02-custom-document-intelligence", "{D8C5FD23-CE21-4416-8267-A71171A1A5BB}"
EndProject
Project("{9A19103F-16F7-4668-BE54-9A1E7A4F7556}") = "test-model", "Labfiles\02-custom-document-intelligence\C-Sharp\test-model.csproj", "{F7866001-CCE4-448E-B3B5-8A787D4765BC}"
EndProject
Global
	GlobalSection(SolutionConfigurationPlatforms) = preSolution
		Debug|Any CPU = Debug|Any CPU
		Release|Any CPU = Release|Any CPU
	EndGlobalSection
	GlobalSection(ProjectConfigurationPlatforms) = postSolution
		{17CF829A-6673-47BF-9CE9-DF23EE030198}.Debug|Any CPU.ActiveCfg = Debug|Any CPU
		{17CF829A-6673-47BF-9CE9-DF23EE030198}.Debug|Any CPU.Build.0 = Debug|Any CPU
		{17CF829A-6673-47BF-9CE9-DF23EE030198}.Release|Any CPU.ActiveCfg = Release|Any CPU
		{17CF829A-6673-47BF-9CE9-DF23EE030198}.Release|Any CPU.Build.0 = Release|Any CPU
		{F7866001-CCE4-448E-B3B5-8A787D4765BC}.Debug|Any CPU.ActiveCfg = Debug|Any CPU
		{F7866001-CCE4-448E-B3B5-8A787D4765BC}.Debug|Any CPU.Build.0 = Debug|Any CPU
		{F7866001-CCE4-448E-B3B5-8A787D4765BC}.Release|Any CPU.ActiveCfg = Release|Any CPU
		{F7866001-CCE4-448E-B3B5-8A787D4765BC}.Release|Any CPU.Build.0 = Release|Any CPU
	EndGlobalSection
	GlobalSection(SolutionProperties) = preSolution
		HideSolutionNode = FALSE
	EndGlobalSection
	GlobalSection(NestedProjects) = preSolution
		{69D386E9-56A2-43FD-8614-B508882DED20} = {682BAEE0-04FF-48E3-84A2-0010EF38D117}
		{17CF829A-6673-47BF-9CE9-DF23EE030198} = {69D386E9-56A2-43FD-8614-B508882DED20}
		{D8C5FD23-CE21-4416-8267-A71171A1A5BB} = {682BAEE0-04FF-48E3-84A2-0010EF38D117}
		{F7866001-CCE4-448E-B3B5-8A787D4765BC} = {D8C5FD23-CE21-4416-8267-A71171A1A5BB}
	EndGlobalSection
	GlobalSection(ExtensibilityGlobals) = postSolution
		SolutionGuid = {70D61836-FF1A-48AE-9B86-5513DD429AC2}
	EndGlobalSection
EndGlobal
